
Microsoft Visual Studio Solution File, Format Version 12.00
# Visual Studio Version 17
VisualStudioVersion = 17.2.32526.322
MinimumVisualStudioVersion = 10.0.40219.1
Project("{FAE04EC0-301F-11D3-BF4B-00C04F79EFBC}") = "ThesisCNN.Android", "ThesisCNN.Android\ThesisCNN.Android.csproj", "{3B4D950E-EC51-4A83-9650-6D843AF1F467}"
EndProject
Project("{FAE04EC0-301F-11D3-BF4B-00C04F79EFBC}") = "ThesisCNN.iOS", "ThesisCNN.iOS\ThesisCNN.iOS.csproj", "{573C3848-14AC-48CB-8566-AE6182ED52F0}"
EndProject
Project("{FAE04EC0-301F-11D3-BF4B-00C04F79EFBC}") = "ThesisCNN", "ThesisCNN\ThesisCNN.csproj", "{FAB0899C-9C11-4B94-9BCB-F1C4F818E485}"
EndProject
Global
	GlobalSection(SolutionConfigurationPlatforms) = preSolution
		Debug|Any CPU = Debug|Any CPU
		Debug|iPhone = Debug|iPhone
		Debug|iPhoneSimulator = Debug|iPhoneSimulator
		Release|Any CPU = Release|Any CPU
		Release|iPhone = Release|iPhone
		Release|iPhoneSimulator = Release|iPhoneSimulator
	EndGlobalSection
	GlobalSection(ProjectConfigurationPlatforms) = postSolution
		{3B4D950E-EC51-4A83-9650-6D843AF1F467}.Debug|Any CPU.ActiveCfg = Debug|Any CPU
		{3B4D950E-EC51-4A83-9650-6D843AF1F467}.Debug|Any CPU.Build.0 = Debug|Any CPU
		{3B4D950E-EC51-4A83-9650-6D843AF1F467}.Debug|Any CPU.Deploy.0 = Debug|Any CPU
		{3B4D950E-EC51-4A83-9650-6D843AF1F467}.Debug|iPhone.ActiveCfg = Debug|Any CPU
		{3B4D950E-EC51-4A83-9650-6D843AF1F467}.Debug|iPhone.Build.0 = Debug|Any CPU
		{3B4D950E-EC51-4A83-9650-6D843AF1F467}.Debug|iPhone.Deploy.0 = Debug|Any CPU
		{3B4D950E-EC51-4A83-9650-6D843AF1F467}.Debug|iPhoneSimulator.ActiveCfg = Debug|Any CPU
		{3B4D950E-EC51-4A83-9650-6D843AF1F467}.Debug|iPhoneSimulator.Build.0 = Debug|Any CPU
		{3B4D950E-EC51-4A83-9650-6D843AF1F467}.Debug|iPhoneSimulator.Deploy.0 = Debug|Any CPU
		{3B4D950E-EC51-4A83-9650-6D843AF1F467}.Release|Any CPU.ActiveCfg = Release|Any CPU
		{3B4D950E-EC51-4A83-9650-6D843AF1F467}.Release|Any CPU.Build.0 = Release|Any CPU
		{3B4D950E-EC51-4A83-9650-6D843AF1F467}.Release|Any CPU.Deploy.0 = Release|Any CPU
		{3B4D950E-EC51-4A83-9650-6D843AF1F467}.Release|iPhone.ActiveCfg = Release|Any CPU
		{3B4D950E-EC51-4A83-9650-6D843AF1F467}.Release|iPhone.Build.0 = Release|Any CPU
		{3B4D950E-EC51-4A83-9650-6D843AF1F467}.Release|iPhone.Deploy.0 = Release|Any CPU
		{3B4D950E-EC51-4A83-9650-6D843AF1F467}.Release|iPhoneSimulator.ActiveCfg = Release|Any CPU
		{3B4D950E-EC51-4A83-9650-6D843AF1F467}.Release|iPhoneSimulator.Build.0 = Release|Any CPU
		{3B4D950E-EC51-4A83-9650-6D843AF1F467}.Release|iPhoneSimulator.Deploy.0 = Release|Any CPU
		{573C3848-14AC-48CB-8566-AE6182ED52F0}.Debug|Any CPU.ActiveCfg = Debug|iPhone
		{573C3848-14AC-48CB-8566-AE6182ED52F0}.Debug|Any CPU.Build.0 = Debug|iPhone
		{573C3848-14AC-48CB-8566-AE6182ED52F0}.Debug|Any CPU.Deploy.0 = Debug|iPhone
		{573C3848-14AC-48CB-8566-AE6182ED52F0}.Debug|iPhone.ActiveCfg = Debug|iPhone
		{573C3848-14AC-48CB-8566-AE6182ED52F0}.Debug|iPhone.Build.0 = Debug|iPhone
		{573C3848-14AC-48CB-8566-AE6182ED52F0}.Debug|iPhone.Deploy.0 = Debug|iPhone
		{573C3848-14AC-48CB-8566-AE6182ED52F0}.Debug|iPhoneSimulator.ActiveCfg = Debug|iPhoneSimulator
		{573C3848-14AC-48CB-8566-AE6182ED52F0}.Debug|iPhoneSimulator.Build.0 = Debug|iPhoneSimulator
		{573C3848-14AC-48CB-8566-AE6182ED52F0}.Debug|iPhoneSimulator.Deploy.0 = Debug|iPhoneSimulator
		{573C3848-14AC-48CB-8566-AE6182ED52F0}.Release|Any CPU.ActiveCfg = Release|iPhoneSimulator
		{573C3848-14AC-48CB-8566-AE6182ED52F0}.Release|Any CPU.Build.0 = Release|iPhoneSimulator
		{573C3848-14AC-48CB-8566-AE6182ED52F0}.Release|Any CPU.Deploy.0 = Release|iPhoneSimulator
		{573C3848-14AC-48CB-8566-AE6182ED52F0}.Release|iPhone.ActiveCfg = Release|iPhone
		{573C3848-14AC-48CB-8566-AE6182ED52F0}.Release|iPhone.Build.0 = Release|iPhone
		{573C3848-14AC-48CB-8566-AE6182ED52F0}.Release|iPhone.Deploy.0 = Release|iPhone
		{573C3848-14AC-48CB-8566-AE6182ED52F0}.Release|iPhoneSimulator.ActiveCfg = Release|iPhoneSimulator
		{573C3848-14AC-48CB-8566-AE6182ED52F0}.Release|iPhoneSimulator.Build.0 = Release|iPhoneSimulator
		{573C3848-14AC-48CB-8566-AE6182ED52F0}.Release|iPhoneSimulator.Deploy.0 = Release|iPhoneSimulator
		{FAB0899C-9C11-4B94-9BCB-F1C4F818E485}.Debug|Any CPU.ActiveCfg = Debug|Any CPU
		{FAB0899C-9C11-4B94-9BCB-F1C4F818E485}.Debug|Any CPU.Build.0 = Debug|Any CPU
		{FAB0899C-9C11-4B94-9BCB-F1C4F818E485}.Debug|Any CPU.Deploy.0 = Debug|Any CPU
		{FAB0899C-9C11-4B94-9BCB-F1C4F818E485}.Debug|iPhone.ActiveCfg = Debug|Any CPU
		{FAB0899C-9C11-4B94-9BCB-F1C4F818E485}.Debug|iPhone.Build.0 = Debug|Any CPU
		{FAB0899C-9C11-4B94-9BCB-F1C4F818E485}.Debug|iPhone.Deploy.0 = Debug|Any CPU
		{FAB0899C-9C11-4B94-9BCB-F1C4F818E485}.Debug|iPhoneSimulator.ActiveCfg = Debug|Any CPU
		{FAB0899C-9C11-4B94-9BCB-F1C4F818E485}.Debug|iPhoneSimulator.Build.0 = Debug|Any CPU
		{FAB0899C-9C11-4B94-9BCB-F1C4F818E485}.Debug|iPhoneSimulator.Deploy.0 = Debug|Any CPU
		{FAB0899C-9C11-4B94-9BCB-F1C4F818E485}.Release|Any CPU.ActiveCfg = Release|Any CPU
		{FAB0899C-9C11-4B94-9BCB-F1C4F818E485}.Release|Any CPU.Build.0 = Release|Any CPU
		{FAB0899C-9C11-4B94-9BCB-F1C4F818E485}.Release|Any CPU.Deploy.0 = Release|Any CPU
		{FAB0899C-9C11-4B94-9BCB-F1C4F818E485}.Release|iPhone.ActiveCfg = Release|Any CPU
		{FAB0899C-9C11-4B94-9BCB-F1C4F818E485}.Release|iPhone.Build.0 = Release|Any CPU
		{FAB0899C-9C11-4B94-9BCB-F1C4F818E485}.Release|iPhone.Deploy.0 = Release|Any CPU
		{FAB0899C-9C11-4B94-9BCB-F1C4F818E485}.Release|iPhoneSimulator.ActiveCfg = Release|Any CPU
		{FAB0899C-9C11-4B94-9BCB-F1C4F818E485}.Release|iPhoneSimulator.Build.0 = Release|Any CPU
		{FAB0899C-9C11-4B94-9BCB-F1C4F818E485}.Release|iPhoneSimulator.Deploy.0 = Release|Any CPU
	EndGlobalSection
	GlobalSection(SolutionProperties) = preSolution
		HideSolutionNode = FALSE
	EndGlobalSection
	GlobalSection(ExtensibilityGlobals) = postSolution
		SolutionGuid = {C02477D0-25B6-422A-BA6B-88CF2F5AB709}
	EndGlobalSection
EndGlobal
